
Microsoft Visual Studio Solution File, Format Version 12.00
# Visual Studio Version 17
VisualStudioVersion = 17.3.32819.101
MinimumVisualStudioVersion = 10.0.40219.1
Project("{9A19103F-16F7-4668-BE54-9A1E7A4F7556}") = "ShortURL.APITests", "ShortURL-Tests\ShortURL.APITests.csproj", "{DEE2A992-A893-441A-BBAD-B4B644EFBB92}"
EndProject
Project("{FAE04EC0-301F-11D3-BF4B-00C04F79EFBC}") = "ShhortURL.WebDriverTests", "ShhortURL.WebDriverTests\ShhortURL.WebDriverTests.csproj", "{35F5C867-E72B-4C59-BC02-2ED0AEA7AA96}"
EndProject
Global
	GlobalSection(SolutionConfigurationPlatforms) = preSolution
		Debug|Any CPU = Debug|Any CPU
		Release|Any CPU = Release|Any CPU
	EndGlobalSection
	GlobalSection(ProjectConfigurationPlatforms) = postSolution
		{DEE2A992-A893-441A-BBAD-B4B644EFBB92}.Debug|Any CPU.ActiveCfg = Debug|Any CPU
		{DEE2A992-A893-441A-BBAD-B4B644EFBB92}.Debug|Any CPU.Build.0 = Debug|Any CPU
		{DEE2A992-A893-441A-BBAD-B4B644EFBB92}.Release|Any CPU.ActiveCfg = Release|Any CPU
		{DEE2A992-A893-441A-BBAD-B4B644EFBB92}.Release|Any CPU.Build.0 = Release|Any CPU
		{35F5C867-E72B-4C59-BC02-2ED0AEA7AA96}.Debug|Any CPU.ActiveCfg = Debug|Any CPU
		{35F5C867-E72B-4C59-BC02-2ED0AEA7AA96}.Debug|Any CPU.Build.0 = Debug|Any CPU
		{35F5C867-E72B-4C59-BC02-2ED0AEA7AA96}.Release|Any CPU.ActiveCfg = Release|Any CPU
		{35F5C867-E72B-4C59-BC02-2ED0AEA7AA96}.Release|Any CPU.Build.0 = Release|Any CPU
	EndGlobalSection
	GlobalSection(SolutionProperties) = preSolution
		HideSolutionNode = FALSE
	EndGlobalSection
	GlobalSection(ExtensibilityGlobals) = postSolution
		SolutionGuid = {5F4E3813-E08B-4ED8-B70A-3EF38EDED4FD}
	EndGlobalSection
EndGlobal
