
Microsoft Visual Studio Solution File, Format Version 12.00
# Visual Studio Version 17
VisualStudioVersion = 17.2.32516.85
MinimumVisualStudioVersion = 10.0.40219.1
Project("{FAE04EC0-301F-11D3-BF4B-00C04F79EFBC}") = "WebDriverFromExample", "WebDriverFromExample\WebDriverFromExample.csproj", "{B8F7A6FD-1585-40D4-95AA-4268C47CE8EB}"
EndProject
Global
	GlobalSection(SolutionConfigurationPlatforms) = preSolution
		Debug|Any CPU = Debug|Any CPU
		Release|Any CPU = Release|Any CPU
	EndGlobalSection
	GlobalSection(ProjectConfigurationPlatforms) = postSolution
		{B8F7A6FD-1585-40D4-95AA-4268C47CE8EB}.Debug|Any CPU.ActiveCfg = Debug|Any CPU
		{B8F7A6FD-1585-40D4-95AA-4268C47CE8EB}.Debug|Any CPU.Build.0 = Debug|Any CPU
		{B8F7A6FD-1585-40D4-95AA-4268C47CE8EB}.Release|Any CPU.ActiveCfg = Release|Any CPU
		{B8F7A6FD-1585-40D4-95AA-4268C47CE8EB}.Release|Any CPU.Build.0 = Release|Any CPU
	EndGlobalSection
	GlobalSection(SolutionProperties) = preSolution
		HideSolutionNode = FALSE
	EndGlobalSection
	GlobalSection(ExtensibilityGlobals) = postSolution
		SolutionGuid = {29E4A721-6B3E-4CB8-8257-9CDDBF07619A}
	EndGlobalSection
EndGlobal
