
Microsoft Visual Studio Solution File, Format Version 12.00
# Visual Studio Version 17
VisualStudioVersion = 17.2.32526.322
MinimumVisualStudioVersion = 10.0.40219.1
Project("{FAE04EC0-301F-11D3-BF4B-00C04F79EFBC}") = "Wikipedia_Selenium_Test", "Wikipedia_Selenium_Test\Wikipedia_Selenium_Test.csproj", "{129ADCA0-22C0-4A39-BC8F-5D060E348FD6}"
EndProject
Project("{FAE04EC0-301F-11D3-BF4B-00C04F79EFBC}") = "Wikipedia _Tests", "Wikipedia _Tests\Wikipedia _Tests.csproj", "{1C8F9FBE-8121-4E34-A43D-BF6C75306413}"
EndProject
Global
	GlobalSection(SolutionConfigurationPlatforms) = preSolution
		Debug|Any CPU = Debug|Any CPU
		Release|Any CPU = Release|Any CPU
	EndGlobalSection
	GlobalSection(ProjectConfigurationPlatforms) = postSolution
		{129ADCA0-22C0-4A39-BC8F-5D060E348FD6}.Debug|Any CPU.ActiveCfg = Debug|Any CPU
		{129ADCA0-22C0-4A39-BC8F-5D060E348FD6}.Debug|Any CPU.Build.0 = Debug|Any CPU
		{129ADCA0-22C0-4A39-BC8F-5D060E348FD6}.Release|Any CPU.ActiveCfg = Release|Any CPU
		{129ADCA0-22C0-4A39-BC8F-5D060E348FD6}.Release|Any CPU.Build.0 = Release|Any CPU
		{1C8F9FBE-8121-4E34-A43D-BF6C75306413}.Debug|Any CPU.ActiveCfg = Debug|Any CPU
		{1C8F9FBE-8121-4E34-A43D-BF6C75306413}.Debug|Any CPU.Build.0 = Debug|Any CPU
		{1C8F9FBE-8121-4E34-A43D-BF6C75306413}.Release|Any CPU.ActiveCfg = Release|Any CPU
		{1C8F9FBE-8121-4E34-A43D-BF6C75306413}.Release|Any CPU.Build.0 = Release|Any CPU
	EndGlobalSection
	GlobalSection(SolutionProperties) = preSolution
		HideSolutionNode = FALSE
	EndGlobalSection
	GlobalSection(ExtensibilityGlobals) = postSolution
		SolutionGuid = {C6C8B0D7-452E-4070-A9BD-1D6AA923C00F}
	EndGlobalSection
EndGlobal
